
Microsoft Visual Studio Solution File, Format Version 12.00
# Visual Studio Version 17
VisualStudioVersion = 17.10.35122.118
MinimumVisualStudioVersion = 10.0.40219.1
Project("{8BC9CEB8-8B4A-11D0-8D11-00A0C91BC942}") = "practice", "practice\practice.vcxproj", "{47099E69-4C70-4D4B-B6EB-75457898CF63}"
EndProject
Global
	GlobalSection(SolutionConfigurationPlatforms) = preSolution
		Debug|x64 = Debug|x64
		Debug|x86 = Debug|x86
		Release|x64 = Release|x64
		Release|x86 = Release|x86
	EndGlobalSection
	GlobalSection(ProjectConfigurationPlatforms) = postSolution
		{47099E69-4C70-4D4B-B6EB-75457898CF63}.Debug|x64.ActiveCfg = Debug|x64
		{47099E69-4C70-4D4B-B6EB-75457898CF63}.Debug|x64.Build.0 = Debug|x64
		{47099E69-4C70-4D4B-B6EB-75457898CF63}.Debug|x86.ActiveCfg = Debug|Win32
		{47099E69-4C70-4D4B-B6EB-75457898CF63}.Debug|x86.Build.0 = Debug|Win32
		{47099E69-4C70-4D4B-B6EB-75457898CF63}.Release|x64.ActiveCfg = Release|x64
		{47099E69-4C70-4D4B-B6EB-75457898CF63}.Release|x64.Build.0 = Release|x64
		{47099E69-4C70-4D4B-B6EB-75457898CF63}.Release|x86.ActiveCfg = Release|Win32
		{47099E69-4C70-4D4B-B6EB-75457898CF63}.Release|x86.Build.0 = Release|Win32
	EndGlobalSection
	GlobalSection(SolutionProperties) = preSolution
		HideSolutionNode = FALSE
	EndGlobalSection
	GlobalSection(ExtensibilityGlobals) = postSolution
		SolutionGuid = {EB92D328-CB6A-47DD-B524-C43F50C0FF41}
	EndGlobalSection
EndGlobal
